# This file is autogenerated, do not edit; changes may be undone by the next 'dep ensure'.


[[projects]]
  branch = "master"
  name = "github.com/golang/protobuf"
  packages = ["proto"]
  revision = "130e6b02ab059e7b717a096f397c5b60111cae74"

[[projects]]
  name = "golang.org/x/net"
  packages = ["context"]
  revision = "d9558e5c97f85372afee28cf2b6059d7d3818919"

[[projects]]
  name = "golang.org/x/oauth2"
  packages = [".","google","internal","jws","jwt"]
  revision = "8914e5017ca260f2a3a1575b1e6868874050d95e"

[[projects]]
  name = "google.golang.org/api"
  packages = ["calendar/v3","googleapi","googleapi/internal/uritemplates"]
  revision = "a09229c13c2f13bbdedf7b31b506cad4c83ef3bf"

[[projects]]
  name = "google.golang.org/appengine"
  packages = [".","internal","internal/app_identity","internal/base","internal/datastore","internal/log","internal/modules","internal/remote_api","internal/urlfetch","urlfetch"]
  revision = "150dc57a1b433e64154302bdc40b6bb8aefa313a"
  version = "v1.0.0"

[[projects]]
  name = "google.golang.org/cloud"
  packages = ["compute/metadata","internal"]
  revision = "feda659df33f28fe2d0524fad496b4d01a2015af"

[solve-meta]
  analyzer-name = "dep"
  analyzer-version = 1
  inputs-digest = "f42bb264ec7f98bc2c97f7fb0700ed138ffa9223608df7b26a9275e9d944e514"
  solver-name = "gps-cdcl"
  solver-version = 1
